// !$*UTF8*$!
{
	archiveVersion = 1;
	classes = {
	};
	objectVersion = 56;
	objects = {

/* Begin PBXBuildFile section */
		BA825EEC2B285EE20067297C /* MovieList.swift in Sources */ = {isa = PBXBuildFile; fileRef = BA825EEB2B285EE20067297C /* MovieList.swift */; };
		BA825EEE2B2869200067297C /* MovieDetail.swift in Sources */ = {isa = PBXBuildFile; fileRef = BA825EED2B2869200067297C /* MovieDetail.swift */; };
		BA825EF02B28964B0067297C /* APIResponse.swift in Sources */ = {isa = PBXBuildFile; fileRef = BA825EEF2B28964B0067297C /* APIResponse.swift */; };
		BA825EF22B2897260067297C /* DataManager.swift in Sources */ = {isa = PBXBuildFile; fileRef = BA825EF12B2897260067297C /* DataManager.swift */; };
		BA825EF62B29A8A90067297C /* CategoryHome.swift in Sources */ = {isa = PBXBuildFile; fileRef = BA825EF52B29A8A90067297C /* CategoryHome.swift */; };
		BA825EF92B29AC260067297C /* SearchHome.swift in Sources */ = {isa = PBXBuildFile; fileRef = BA825EF82B29AC260067297C /* SearchHome.swift */; };
		BA825EFB2B29B1000067297C /* CategoryRow.swift in Sources */ = {isa = PBXBuildFile; fileRef = BA825EFA2B29B1000067297C /* CategoryRow.swift */; };
		BA825EFD2B29B1130067297C /* CategoryItem.swift in Sources */ = {isa = PBXBuildFile; fileRef = BA825EFC2B29B1130067297C /* CategoryItem.swift */; };
		BA825EFF2B29F02F0067297C /* SearchItem.swift in Sources */ = {isa = PBXBuildFile; fileRef = BA825EFE2B29F02F0067297C /* SearchItem.swift */; };
		BA825F012B29F0520067297C /* SearchResults.swift in Sources */ = {isa = PBXBuildFile; fileRef = BA825F002B29F0520067297C /* SearchResults.swift */; };
		BAFE659F2B27474100AAC314 /* MovizApp.swift in Sources */ = {isa = PBXBuildFile; fileRef = BAFE659E2B27474100AAC314 /* MovizApp.swift */; };
		BAFE65A12B27474100AAC314 /* ContentView.swift in Sources */ = {isa = PBXBuildFile; fileRef = BAFE65A02B27474100AAC314 /* ContentView.swift */; };
		BAFE65A32B27474300AAC314 /* Assets.xcassets in Resources */ = {isa = PBXBuildFile; fileRef = BAFE65A22B27474300AAC314 /* Assets.xcassets */; };
		BAFE65A62B27474300AAC314 /* Preview Assets.xcassets in Resources */ = {isa = PBXBuildFile; fileRef = BAFE65A52B27474300AAC314 /* Preview Assets.xcassets */; };
		BAFE65AD2B274F7800AAC314 /* rectangleImage.swift in Sources */ = {isa = PBXBuildFile; fileRef = BAFE65AC2B274F7800AAC314 /* rectangleImage.swift */; };
		BAFE65B02B27566E00AAC314 /* movizData.json in Resources */ = {isa = PBXBuildFile; fileRef = BAFE65AF2B27566D00AAC314 /* movizData.json */; };
		BAFE65B22B2756C000AAC314 /* Movie.swift in Sources */ = {isa = PBXBuildFile; fileRef = BAFE65B12B2756C000AAC314 /* Movie.swift */; };
		BAFE65B42B275CF500AAC314 /* ModelData.swift in Sources */ = {isa = PBXBuildFile; fileRef = BAFE65B32B275CF500AAC314 /* ModelData.swift */; };
		BAFE65B82B275E1A00AAC314 /* MovieRow.swift in Sources */ = {isa = PBXBuildFile; fileRef = BAFE65B72B275E1A00AAC314 /* MovieRow.swift */; };
		BAFE65BB2B2770B600AAC314 /* URLImage in Frameworks */ = {isa = PBXBuildFile; productRef = BAFE65BA2B2770B600AAC314 /* URLImage */; };
		BAFE65BD2B2770B600AAC314 /* URLImageStore in Frameworks */ = {isa = PBXBuildFile; productRef = BAFE65BC2B2770B600AAC314 /* URLImageStore */; };
/* End PBXBuildFile section */

/* Begin PBXFileReference section */
		BA825EEB2B285EE20067297C /* MovieList.swift */ = {isa = PBXFileReference; lastKnownFileType = sourcecode.swift; path = MovieList.swift; sourceTree = "<group>"; };
		BA825EED2B2869200067297C /* MovieDetail.swift */ = {isa = PBXFileReference; lastKnownFileType = sourcecode.swift; path = MovieDetail.swift; sourceTree = "<group>"; };
		BA825EEF2B28964B0067297C /* APIResponse.swift */ = {isa = PBXFileReference; lastKnownFileType = sourcecode.swift; path = APIResponse.swift; sourceTree = "<group>"; };
		BA825EF12B2897260067297C /* DataManager.swift */ = {isa = PBXFileReference; lastKnownFileType = sourcecode.swift; path = DataManager.swift; sourceTree = "<group>"; };
		BA825EF52B29A8A90067297C /* CategoryHome.swift */ = {isa = PBXFileReference; lastKnownFileType = sourcecode.swift; path = CategoryHome.swift; sourceTree = "<group>"; };
		BA825EF82B29AC260067297C /* SearchHome.swift */ = {isa = PBXFileReference; lastKnownFileType = sourcecode.swift; path = SearchHome.swift; sourceTree = "<group>"; };
		BA825EFA2B29B1000067297C /* CategoryRow.swift */ = {isa = PBXFileReference; lastKnownFileType = sourcecode.swift; path = CategoryRow.swift; sourceTree = "<group>"; };
		BA825EFC2B29B1130067297C /* CategoryItem.swift */ = {isa = PBXFileReference; lastKnownFileType = sourcecode.swift; path = CategoryItem.swift; sourceTree = "<group>"; };
		BA825EFE2B29F02F0067297C /* SearchItem.swift */ = {isa = PBXFileReference; lastKnownFileType = sourcecode.swift; path = SearchItem.swift; sourceTree = "<group>"; };
		BA825F002B29F0520067297C /* SearchResults.swift */ = {isa = PBXFileReference; lastKnownFileType = sourcecode.swift; path = SearchResults.swift; sourceTree = "<group>"; };
		BAFE659B2B27474100AAC314 /* Moviz.app */ = {isa = PBXFileReference; explicitFileType = wrapper.application; includeInIndex = 0; path = Moviz.app; sourceTree = BUILT_PRODUCTS_DIR; };
		BAFE659E2B27474100AAC314 /* MovizApp.swift */ = {isa = PBXFileReference; lastKnownFileType = sourcecode.swift; path = MovizApp.swift; sourceTree = "<group>"; };
		BAFE65A02B27474100AAC314 /* ContentView.swift */ = {isa = PBXFileReference; lastKnownFileType = sourcecode.swift; path = ContentView.swift; sourceTree = "<group>"; };
		BAFE65A22B27474300AAC314 /* Assets.xcassets */ = {isa = PBXFileReference; lastKnownFileType = folder.assetcatalog; path = Assets.xcassets; sourceTree = "<group>"; };
		BAFE65A52B27474300AAC314 /* Preview Assets.xcassets */ = {isa = PBXFileReference; lastKnownFileType = folder.assetcatalog; path = "Preview Assets.xcassets"; sourceTree = "<group>"; };
		BAFE65AC2B274F7800AAC314 /* rectangleImage.swift */ = {isa = PBXFileReference; lastKnownFileType = sourcecode.swift; path = rectangleImage.swift; sourceTree = "<group>"; };
		BAFE65AF2B27566D00AAC314 /* movizData.json */ = {isa = PBXFileReference; fileEncoding = 4; lastKnownFileType = text.json; path = movizData.json; sourceTree = "<group>"; };
		BAFE65B12B2756C000AAC314 /* Movie.swift */ = {isa = PBXFileReference; lastKnownFileType = sourcecode.swift; path = Movie.swift; sourceTree = "<group>"; };
		BAFE65B32B275CF500AAC314 /* ModelData.swift */ = {isa = PBXFileReference; lastKnownFileType = sourcecode.swift; path = ModelData.swift; sourceTree = "<group>"; };
		BAFE65B72B275E1A00AAC314 /* MovieRow.swift */ = {isa = PBXFileReference; lastKnownFileType = sourcecode.swift; path = MovieRow.swift; sourceTree = "<group>"; };
/* End PBXFileReference section */

/* Begin PBXFrameworksBuildPhase section */
		BAFE65982B27474100AAC314 /* Frameworks */ = {
			isa = PBXFrameworksBuildPhase;
			buildActionMask = 2147483647;
			files = (
				BAFE65BD2B2770B600AAC314 /* URLImageStore in Frameworks */,
				BAFE65BB2B2770B600AAC314 /* URLImage in Frameworks */,
			);
			runOnlyForDeploymentPostprocessing = 0;
		};
/* End PBXFrameworksBuildPhase section */

/* Begin PBXGroup section */
		BA825EF32B29A78E0067297C /* Movies */ = {
			isa = PBXGroup;
			children = (
				BAFE65B72B275E1A00AAC314 /* MovieRow.swift */,
				BA825EED2B2869200067297C /* MovieDetail.swift */,
				BA825EEB2B285EE20067297C /* MovieList.swift */,
			);
			path = Movies;
			sourceTree = "<group>";
		};
		BA825EF42B29A7FD0067297C /* Categories */ = {
			isa = PBXGroup;
			children = (
				BA825EF52B29A8A90067297C /* CategoryHome.swift */,
				BA825EFA2B29B1000067297C /* CategoryRow.swift */,
				BA825EFC2B29B1130067297C /* CategoryItem.swift */,
			);
			path = Categories;
			sourceTree = "<group>";
		};
		BA825EF72B29AC170067297C /* Search */ = {
			isa = PBXGroup;
			children = (
				BA825EF82B29AC260067297C /* SearchHome.swift */,
				BA825EFE2B29F02F0067297C /* SearchItem.swift */,
				BA825F002B29F0520067297C /* SearchResults.swift */,
			);
			path = Search;
			sourceTree = "<group>";
		};
		BAFE65922B27474100AAC314 = {
			isa = PBXGroup;
			children = (
				BAFE659D2B27474100AAC314 /* Moviz */,
				BAFE659C2B27474100AAC314 /* Products */,
			);
			sourceTree = "<group>";
		};
		BAFE659C2B27474100AAC314 /* Products */ = {
			isa = PBXGroup;
			children = (
				BAFE659B2B27474100AAC314 /* Moviz.app */,
			);
			name = Products;
			sourceTree = "<group>";
		};
		BAFE659D2B27474100AAC314 /* Moviz */ = {
			isa = PBXGroup;
			children = (
				BAFE659E2B27474100AAC314 /* MovizApp.swift */,
				BAFE65B52B275D4800AAC314 /* Views */,
				BAFE65B62B275D6A00AAC314 /* Model */,
				BAFE65AE2B27566D00AAC314 /* Resources */,
				BAFE65A22B27474300AAC314 /* Assets.xcassets */,
				BAFE65A42B27474300AAC314 /* Preview Content */,
			);
			path = Moviz;
			sourceTree = "<group>";
		};
		BAFE65A42B27474300AAC314 /* Preview Content */ = {
			isa = PBXGroup;
			children = (
				BAFE65A52B27474300AAC314 /* Preview Assets.xcassets */,
			);
			path = "Preview Content";
			sourceTree = "<group>";
		};
		BAFE65AE2B27566D00AAC314 /* Resources */ = {
			isa = PBXGroup;
			children = (
				BAFE65AF2B27566D00AAC314 /* movizData.json */,
			);
			path = Resources;
			sourceTree = "<group>";
		};
		BAFE65B52B275D4800AAC314 /* Views */ = {
			isa = PBXGroup;
			children = (
				BA825EF72B29AC170067297C /* Search */,
				BA825EF42B29A7FD0067297C /* Categories */,
				BAFE65A02B27474100AAC314 /* ContentView.swift */,
				BAFE65AC2B274F7800AAC314 /* rectangleImage.swift */,
				BA825EF32B29A78E0067297C /* Movies */,
			);
			path = Views;
			sourceTree = "<group>";
		};
		BAFE65B62B275D6A00AAC314 /* Model */ = {
			isa = PBXGroup;
			children = (
				BAFE65B32B275CF500AAC314 /* ModelData.swift */,
				BAFE65B12B2756C000AAC314 /* Movie.swift */,
				BA825EEF2B28964B0067297C /* APIResponse.swift */,
				BA825EF12B2897260067297C /* DataManager.swift */,
			);
			path = Model;
			sourceTree = "<group>";
		};
/* End PBXGroup section */

/* Begin PBXNativeTarget section */
		BAFE659A2B27474100AAC314 /* Moviz */ = {
			isa = PBXNativeTarget;
			buildConfigurationList = BAFE65A92B27474300AAC314 /* Build configuration list for PBXNativeTarget "Moviz" */;
			buildPhases = (
				BAFE65972B27474100AAC314 /* Sources */,
				BAFE65982B27474100AAC314 /* Frameworks */,
				BAFE65992B27474100AAC314 /* Resources */,
			);
			buildRules = (
			);
			dependencies = (
			);
			name = Moviz;
			packageProductDependencies = (
				BAFE65BA2B2770B600AAC314 /* URLImage */,
				BAFE65BC2B2770B600AAC314 /* URLImageStore */,
			);
			productName = Moviz;
			productReference = BAFE659B2B27474100AAC314 /* Moviz.app */;
			productType = "com.apple.product-type.application";
		};
/* End PBXNativeTarget section */

/* Begin PBXProject section */
		BAFE65932B27474100AAC314 /* Project object */ = {
			isa = PBXProject;
			attributes = {
				BuildIndependentTargetsInParallel = 1;
				LastSwiftUpdateCheck = 1430;
				LastUpgradeCheck = 1430;
				TargetAttributes = {
					BAFE659A2B27474100AAC314 = {
						CreatedOnToolsVersion = 14.3.1;
					};
				};
			};
			buildConfigurationList = BAFE65962B27474100AAC314 /* Build configuration list for PBXProject "Moviz" */;
			compatibilityVersion = "Xcode 14.0";
			developmentRegion = en;
			hasScannedForEncodings = 0;
			knownRegions = (
				en,
				Base,
			);
			mainGroup = BAFE65922B27474100AAC314;
			packageReferences = (
				BAFE65B92B2770B600AAC314 /* XCRemoteSwiftPackageReference "url-image" */,
			);
			productRefGroup = BAFE659C2B27474100AAC314 /* Products */;
			projectDirPath = "";
			projectRoot = "";
			targets = (
				BAFE659A2B27474100AAC314 /* Moviz */,
			);
		};
/* End PBXProject section */

/* Begin PBXResourcesBuildPhase section */
		BAFE65992B27474100AAC314 /* Resources */ = {
			isa = PBXResourcesBuildPhase;
			buildActionMask = 2147483647;
			files = (
				BAFE65A62B27474300AAC314 /* Preview Assets.xcassets in Resources */,
				BAFE65A32B27474300AAC314 /* Assets.xcassets in Resources */,
				BAFE65B02B27566E00AAC314 /* movizData.json in Resources */,
			);
			runOnlyForDeploymentPostprocessing = 0;
		};
/* End PBXResourcesBuildPhase section */

/* Begin PBXSourcesBuildPhase section */
		BAFE65972B27474100AAC314 /* Sources */ = {
			isa = PBXSourcesBuildPhase;
			buildActionMask = 2147483647;
			files = (
				BAFE65A12B27474100AAC314 /* ContentView.swift in Sources */,
				BA825EF22B2897260067297C /* DataManager.swift in Sources */,
				BAFE65B82B275E1A00AAC314 /* MovieRow.swift in Sources */,
				BAFE65AD2B274F7800AAC314 /* rectangleImage.swift in Sources */,
				BA825EF62B29A8A90067297C /* CategoryHome.swift in Sources */,
				BAFE65B42B275CF500AAC314 /* ModelData.swift in Sources */,
				BA825F012B29F0520067297C /* SearchResults.swift in Sources */,
				BA825EFB2B29B1000067297C /* CategoryRow.swift in Sources */,
				BA825EF92B29AC260067297C /* SearchHome.swift in Sources */,
				BAFE65B22B2756C000AAC314 /* Movie.swift in Sources */,
				BA825EFF2B29F02F0067297C /* SearchItem.swift in Sources */,
				BAFE659F2B27474100AAC314 /* MovizApp.swift in Sources */,
				BA825EFD2B29B1130067297C /* CategoryItem.swift in Sources */,
				BA825EEC2B285EE20067297C /* MovieList.swift in Sources */,
				BA825EEE2B2869200067297C /* MovieDetail.swift in Sources */,
				BA825EF02B28964B0067297C /* APIResponse.swift in Sources */,
			);
			runOnlyForDeploymentPostprocessing = 0;
		};
/* End PBXSourcesBuildPhase section */

/* Begin XCBuildConfiguration section */
		BAFE65A72B27474300AAC314 /* Debug */ = {
			isa = XCBuildConfiguration;
			buildSettings = {
				ALWAYS_SEARCH_USER_PATHS = NO;
				CLANG_ANALYZER_NONNULL = YES;
				CLANG_ANALYZER_NUMBER_OBJECT_CONVERSION = YES_AGGRESSIVE;
				CLANG_CXX_LANGUAGE_STANDARD = "gnu++20";
				CLANG_ENABLE_MODULES = YES;
				CLANG_ENABLE_OBJC_ARC = YES;
				CLANG_ENABLE_OBJC_WEAK = YES;
				CLANG_WARN_BLOCK_CAPTURE_AUTORELEASING = YES;
				CLANG_WARN_BOOL_CONVERSION = YES;
				CLANG_WARN_COMMA = YES;
				CLANG_WARN_CONSTANT_CONVERSION = YES;
				CLANG_WARN_DEPRECATED_OBJC_IMPLEMENTATIONS = YES;
				CLANG_WARN_DIRECT_OBJC_ISA_USAGE = YES_ERROR;
				CLANG_WARN_DOCUMENTATION_COMMENTS = YES;
				CLANG_WARN_EMPTY_BODY = YES;
				CLANG_WARN_ENUM_CONVERSION = YES;
				CLANG_WARN_INFINITE_RECURSION = YES;
				CLANG_WARN_INT_CONVERSION = YES;
				CLANG_WARN_NON_LITERAL_NULL_CONVERSION = YES;
				CLANG_WARN_OBJC_IMPLICIT_RETAIN_SELF = YES;
				CLANG_WARN_OBJC_LITERAL_CONVERSION = YES;
				CLANG_WARN_OBJC_ROOT_CLASS = YES_ERROR;
				CLANG_WARN_QUOTED_INCLUDE_IN_FRAMEWORK_HEADER = YES;
				CLANG_WARN_RANGE_LOOP_ANALYSIS = YES;
				CLANG_WARN_STRICT_PROTOTYPES = YES;
				CLANG_WARN_SUSPICIOUS_MOVE = YES;
				CLANG_WARN_UNGUARDED_AVAILABILITY = YES_AGGRESSIVE;
				CLANG_WARN_UNREACHABLE_CODE = YES;
				CLANG_WARN__DUPLICATE_METHOD_MATCH = YES;
				COPY_PHASE_STRIP = NO;
				DEBUG_INFORMATION_FORMAT = dwarf;
				ENABLE_STRICT_OBJC_MSGSEND = YES;
				ENABLE_TESTABILITY = YES;
				GCC_C_LANGUAGE_STANDARD = gnu11;
				GCC_DYNAMIC_NO_PIC = NO;
				GCC_NO_COMMON_BLOCKS = YES;
				GCC_OPTIMIZATION_LEVEL = 0;
				GCC_PREPROCESSOR_DEFINITIONS = (
					"DEBUG=1",
					"$(inherited)",
				);
				GCC_WARN_64_TO_32_BIT_CONVERSION = YES;
				GCC_WARN_ABOUT_RETURN_TYPE = YES_ERROR;
				GCC_WARN_UNDECLARED_SELECTOR = YES;
				GCC_WARN_UNINITIALIZED_AUTOS = YES_AGGRESSIVE;
				GCC_WARN_UNUSED_FUNCTION = YES;
				GCC_WARN_UNUSED_VARIABLE = YES;
				IPHONEOS_DEPLOYMENT_TARGET = 16.4;
				MTL_ENABLE_DEBUG_INFO = INCLUDE_SOURCE;
				MTL_FAST_MATH = YES;
				ONLY_ACTIVE_ARCH = YES;
				SDKROOT = iphoneos;
				SWIFT_ACTIVE_COMPILATION_CONDITIONS = DEBUG;
				SWIFT_OPTIMIZATION_LEVEL = "-Onone";
			};
			name = Debug;
		};
		BAFE65A82B27474300AAC314 /* Release */ = {
			isa = XCBuildConfiguration;
			buildSettings = {
				ALWAYS_SEARCH_USER_PATHS = NO;
				CLANG_ANALYZER_NONNULL = YES;
				CLANG_ANALYZER_NUMBER_OBJECT_CONVERSION = YES_AGGRESSIVE;
				CLANG_CXX_LANGUAGE_STANDARD = "gnu++20";
				CLANG_ENABLE_MODULES = YES;
				CLANG_ENABLE_OBJC_ARC = YES;
				CLANG_ENABLE_OBJC_WEAK = YES;
				CLANG_WARN_BLOCK_CAPTURE_AUTORELEASING = YES;
				CLANG_WARN_BOOL_CONVERSION = YES;
				CLANG_WARN_COMMA = YES;
				CLANG_WARN_CONSTANT_CONVERSION = YES;
				CLANG_WARN_DEPRECATED_OBJC_IMPLEMENTATIONS = YES;
				CLANG_WARN_DIRECT_OBJC_ISA_USAGE = YES_ERROR;
				CLANG_WARN_DOCUMENTATION_COMMENTS = YES;
				CLANG_WARN_EMPTY_BODY = YES;
				CLANG_WARN_ENUM_CONVERSION = YES;
				CLANG_WARN_INFINITE_RECURSION = YES;
				CLANG_WARN_INT_CONVERSION = YES;
				CLANG_WARN_NON_LITERAL_NULL_CONVERSION = YES;
				CLANG_WARN_OBJC_IMPLICIT_RETAIN_SELF = YES;
				CLANG_WARN_OBJC_LITERAL_CONVERSION = YES;
				CLANG_WARN_OBJC_ROOT_CLASS = YES_ERROR;
				CLANG_WARN_QUOTED_INCLUDE_IN_FRAMEWORK_HEADER = YES;
				CLANG_WARN_RANGE_LOOP_ANALYSIS = YES;
				CLANG_WARN_STRICT_PROTOTYPES = YES;
				CLANG_WARN_SUSPICIOUS_MOVE = YES;
				CLANG_WARN_UNGUARDED_AVAILABILITY = YES_AGGRESSIVE;
				CLANG_WARN_UNREACHABLE_CODE = YES;
				CLANG_WARN__DUPLICATE_METHOD_MATCH = YES;
				COPY_PHASE_STRIP = NO;
				DEBUG_INFORMATION_FORMAT = "dwarf-with-dsym";
				ENABLE_NS_ASSERTIONS = NO;
				ENABLE_STRICT_OBJC_MSGSEND = YES;
				GCC_C_LANGUAGE_STANDARD = gnu11;
				GCC_NO_COMMON_BLOCKS = YES;
				GCC_WARN_64_TO_32_BIT_CONVERSION = YES;
				GCC_WARN_ABOUT_RETURN_TYPE = YES_ERROR;
				GCC_WARN_UNDECLARED_SELECTOR = YES;
				GCC_WARN_UNINITIALIZED_AUTOS = YES_AGGRESSIVE;
				GCC_WARN_UNUSED_FUNCTION = YES;
				GCC_WARN_UNUSED_VARIABLE = YES;
				IPHONEOS_DEPLOYMENT_TARGET = 16.4;
				MTL_ENABLE_DEBUG_INFO = NO;
				MTL_FAST_MATH = YES;
				SDKROOT = iphoneos;
				SWIFT_COMPILATION_MODE = wholemodule;
				SWIFT_OPTIMIZATION_LEVEL = "-O";
				VALIDATE_PRODUCT = YES;
			};
			name = Release;
		};
		BAFE65AA2B27474300AAC314 /* Debug */ = {
			isa = XCBuildConfiguration;
			buildSettings = {
				ASSETCATALOG_COMPILER_APPICON_NAME = AppIcon;
				ASSETCATALOG_COMPILER_GLOBAL_ACCENT_COLOR_NAME = AccentColor;
				CODE_SIGN_STYLE = Automatic;
				CURRENT_PROJECT_VERSION = 1;
				DEVELOPMENT_ASSET_PATHS = "\"Moviz/Preview Content\"";
				ENABLE_PREVIEWS = YES;
				GENERATE_INFOPLIST_FILE = YES;
				INFOPLIST_KEY_UIApplicationSceneManifest_Generation = YES;
				INFOPLIST_KEY_UIApplicationSupportsIndirectInputEvents = YES;
				INFOPLIST_KEY_UILaunchScreen_Generation = YES;
				INFOPLIST_KEY_UISupportedInterfaceOrientations_iPad = "UIInterfaceOrientationPortrait UIInterfaceOrientationPortraitUpsideDown UIInterfaceOrientationLandscapeLeft UIInterfaceOrientationLandscapeRight";
				INFOPLIST_KEY_UISupportedInterfaceOrientations_iPhone = "UIInterfaceOrientationPortrait UIInterfaceOrientationLandscapeLeft UIInterfaceOrientationLandscapeRight";
				LD_RUNPATH_SEARCH_PATHS = (
					"$(inherited)",
					"@executable_path/Frameworks",
				);
				MARKETING_VERSION = 1.0;
				PRODUCT_BUNDLE_IDENTIFIER = com.charleneonthebeach.Moviz;
				PRODUCT_NAME = "$(TARGET_NAME)";
				SWIFT_EMIT_LOC_STRINGS = YES;
				SWIFT_VERSION = 5.0;
				TARGETED_DEVICE_FAMILY = "1,2";
			};
			name = Debug;
		};
		BAFE65AB2B27474300AAC314 /* Release */ = {
			isa = XCBuildConfiguration;
			buildSettings = {
				ASSETCATALOG_COMPILER_APPICON_NAME = AppIcon;
				ASSETCATALOG_COMPILER_GLOBAL_ACCENT_COLOR_NAME = AccentColor;
				CODE_SIGN_STYLE = Automatic;
				CURRENT_PROJECT_VERSION = 1;
				DEVELOPMENT_ASSET_PATHS = "\"Moviz/Preview Content\"";
				ENABLE_PREVIEWS = YES;
				GENERATE_INFOPLIST_FILE = YES;
				INFOPLIST_KEY_UIApplicationSceneManifest_Generation = YES;
				INFOPLIST_KEY_UIApplicationSupportsIndirectInputEvents = YES;
				INFOPLIST_KEY_UILaunchScreen_Generation = YES;
				INFOPLIST_KEY_UISupportedInterfaceOrientations_iPad = "UIInterfaceOrientationPortrait UIInterfaceOrientationPortraitUpsideDown UIInterfaceOrientationLandscapeLeft UIInterfaceOrientationLandscapeRight";
				INFOPLIST_KEY_UISupportedInterfaceOrientations_iPhone = "UIInterfaceOrientationPortrait UIInterfaceOrientationLandscapeLeft UIInterfaceOrientationLandscapeRight";
				LD_RUNPATH_SEARCH_PATHS = (
					"$(inherited)",
					"@executable_path/Frameworks",
				);
				MARKETING_VERSION = 1.0;
				PRODUCT_BUNDLE_IDENTIFIER = com.charleneonthebeach.Moviz;
				PRODUCT_NAME = "$(TARGET_NAME)";
				SWIFT_EMIT_LOC_STRINGS = YES;
				SWIFT_VERSION = 5.0;
				TARGETED_DEVICE_FAMILY = "1,2";
			};
			name = Release;
		};
/* End XCBuildConfiguration section */

/* Begin XCConfigurationList section */
		BAFE65962B27474100AAC314 /* Build configuration list for PBXProject "Moviz" */ = {
			isa = XCConfigurationList;
			buildConfigurations = (
				BAFE65A72B27474300AAC314 /* Debug */,
				BAFE65A82B27474300AAC314 /* Release */,
			);
			defaultConfigurationIsVisible = 0;
			defaultConfigurationName = Release;
		};
		BAFE65A92B27474300AAC314 /* Build configuration list for PBXNativeTarget "Moviz" */ = {
			isa = XCConfigurationList;
			buildConfigurations = (
				BAFE65AA2B27474300AAC314 /* Debug */,
				BAFE65AB2B27474300AAC314 /* Release */,
			);
			defaultConfigurationIsVisible = 0;
			defaultConfigurationName = Release;
		};
/* End XCConfigurationList section */

/* Begin XCRemoteSwiftPackageReference section */
		BAFE65B92B2770B600AAC314 /* XCRemoteSwiftPackageReference "url-image" */ = {
			isa = XCRemoteSwiftPackageReference;
			repositoryURL = "https://github.com/dmytro-anokhin/url-image";
			requirement = {
				kind = upToNextMajorVersion;
				minimumVersion = 3.0.0;
			};
		};
/* End XCRemoteSwiftPackageReference section */

/* Begin XCSwiftPackageProductDependency section */
		BAFE65BA2B2770B600AAC314 /* URLImage */ = {
			isa = XCSwiftPackageProductDependency;
			package = BAFE65B92B2770B600AAC314 /* XCRemoteSwiftPackageReference "url-image" */;
			productName = URLImage;
		};
		BAFE65BC2B2770B600AAC314 /* URLImageStore */ = {
			isa = XCSwiftPackageProductDependency;
			package = BAFE65B92B2770B600AAC314 /* XCRemoteSwiftPackageReference "url-image" */;
			productName = URLImageStore;
		};
/* End XCSwiftPackageProductDependency section */
	};
	rootObject = BAFE65932B27474100AAC314 /* Project object */;
}
